{
  "pins" : [
    {
      "identity" : "arcgis-maps-sdk-swift",
      "kind" : "remoteSourceControl",
      "location" : "https://github.com/Esri/arcgis-maps-sdk-swift",
      "state" : {
        "revision" : "fbd6c04e9c5b94af6556488de1e770bacf44fc3a",
        "version" : "300.1.0"
      }
    }
  ],
  "version" : 2
}
